
Microsoft Visual Studio Solution File, Format Version 12.00
# Visual Studio Version 17
VisualStudioVersion = 17.10.34607.79
MinimumVisualStudioVersion = 10.0.40219.1
Project("{9A19103F-16F7-4668-BE54-9A1E7A4F7556}") = "Sheenam.Api", "Sheenam.Api\Sheenam.Api.csproj", "{4F9DDDF6-23B0-4CCB-8941-4A74B74E2853}"
EndProject
Project("{FAE04EC0-301F-11D3-BF4B-00C04F79EFBC}") = "Sheenam.Api.Tests.Unit", "Sheenam.Api.Tests.Unit\Sheenam.Api.Tests.Unit.csproj", "{097D179F-C8E8-4539-87F7-DF527F41BD4A}"
EndProject
Project("{FAE04EC0-301F-11D3-BF4B-00C04F79EFBC}") = "Sheenam.Api.Infrastructure.Build", "Sheenam.Api.Infrastructure.Build\Sheenam.Api.Infrastructure.Build.csproj", "{6A713333-8212-47E8-9450-21C4BFC2CA90}"
EndProject
Global
	GlobalSection(SolutionConfigurationPlatforms) = preSolution
		Debug|Any CPU = Debug|Any CPU
		Release|Any CPU = Release|Any CPU
	EndGlobalSection
	GlobalSection(ProjectConfigurationPlatforms) = postSolution
		{4F9DDDF6-23B0-4CCB-8941-4A74B74E2853}.Debug|Any CPU.ActiveCfg = Debug|Any CPU
		{4F9DDDF6-23B0-4CCB-8941-4A74B74E2853}.Debug|Any CPU.Build.0 = Debug|Any CPU
		{4F9DDDF6-23B0-4CCB-8941-4A74B74E2853}.Release|Any CPU.ActiveCfg = Release|Any CPU
		{4F9DDDF6-23B0-4CCB-8941-4A74B74E2853}.Release|Any CPU.Build.0 = Release|Any CPU
		{097D179F-C8E8-4539-87F7-DF527F41BD4A}.Debug|Any CPU.ActiveCfg = Debug|Any CPU
		{097D179F-C8E8-4539-87F7-DF527F41BD4A}.Debug|Any CPU.Build.0 = Debug|Any CPU
		{097D179F-C8E8-4539-87F7-DF527F41BD4A}.Release|Any CPU.ActiveCfg = Release|Any CPU
		{097D179F-C8E8-4539-87F7-DF527F41BD4A}.Release|Any CPU.Build.0 = Release|Any CPU
		{6A713333-8212-47E8-9450-21C4BFC2CA90}.Debug|Any CPU.ActiveCfg = Debug|Any CPU
		{6A713333-8212-47E8-9450-21C4BFC2CA90}.Debug|Any CPU.Build.0 = Debug|Any CPU
		{6A713333-8212-47E8-9450-21C4BFC2CA90}.Release|Any CPU.ActiveCfg = Release|Any CPU
		{6A713333-8212-47E8-9450-21C4BFC2CA90}.Release|Any CPU.Build.0 = Release|Any CPU
	EndGlobalSection
	GlobalSection(SolutionProperties) = preSolution
		HideSolutionNode = FALSE
	EndGlobalSection
	GlobalSection(ExtensibilityGlobals) = postSolution
		SolutionGuid = {C8CF7CED-3F42-428A-B1AF-DB3B259F365C}
	EndGlobalSection
EndGlobal
